// !$*UTF8*$!
{
	archiveVersion = 1;
	classes = {
	};
	objectVersion = 56;
	objects = {

/* Begin PBXBuildFile section */
		4AE869A42A040691004D7015 /* SignOUT.swift in Sources */ = {isa = PBXBuildFile; fileRef = 4AE869A32A040691004D7015 /* SignOUT.swift */; };
		4AE869A62A040AAE004D7015 /* SettingsView.swift in Sources */ = {isa = PBXBuildFile; fileRef = 4AE869A52A040AAE004D7015 /* SettingsView.swift */; };
		4AE869AB2A042A1D004D7015 /* SignedOutSheet.swift in Sources */ = {isa = PBXBuildFile; fileRef = 4AE869AA2A042A1D004D7015 /* SignedOutSheet.swift */; };
		94CBEC3E29A98CB200531660 /* Palmetto_Sign_INApp.swift in Sources */ = {isa = PBXBuildFile; fileRef = 94CBEC3D29A98CB200531660 /* Palmetto_Sign_INApp.swift */; };
		94CBEC4029A98CB200531660 /* ContentView.swift in Sources */ = {isa = PBXBuildFile; fileRef = 94CBEC3F29A98CB200531660 /* ContentView.swift */; };
		94CBEC4229A98CB400531660 /* Assets.xcassets in Resources */ = {isa = PBXBuildFile; fileRef = 94CBEC4129A98CB400531660 /* Assets.xcassets */; };
		94CBEC4529A98CB400531660 /* Preview Assets.xcassets in Resources */ = {isa = PBXBuildFile; fileRef = 94CBEC4429A98CB400531660 /* Preview Assets.xcassets */; };
		94CBEC4C29AA6A2400531660 /* Register.swift in Sources */ = {isa = PBXBuildFile; fileRef = 94CBEC4B29AA6A2400531660 /* Register.swift */; };
		94CBEC5029AA985D00531660 /* SignIN.swift in Sources */ = {isa = PBXBuildFile; fileRef = 94CBEC4F29AA985D00531660 /* SignIN.swift */; };
		94CBEC5229AAE00800531660 /* PickerSample.swift in Sources */ = {isa = PBXBuildFile; fileRef = 94CBEC5129AAE00800531660 /* PickerSample.swift */; };
		94E8192A2A03F7F20044B9D4 /* Person.swift in Sources */ = {isa = PBXBuildFile; fileRef = 94E819292A03F7F20044B9D4 /* Person.swift */; };
		94E8192C2A03F8000044B9D4 /* DataService.swift in Sources */ = {isa = PBXBuildFile; fileRef = 94E8192B2A03F8000044B9D4 /* DataService.swift */; };
/* End PBXBuildFile section */

/* Begin PBXFileReference section */
		4AE869A32A040691004D7015 /* SignOUT.swift */ = {isa = PBXFileReference; lastKnownFileType = sourcecode.swift; path = SignOUT.swift; sourceTree = "<group>"; };
		4AE869A52A040AAE004D7015 /* SettingsView.swift */ = {isa = PBXFileReference; fileEncoding = 4; lastKnownFileType = sourcecode.swift; path = SettingsView.swift; sourceTree = "<group>"; };
		4AE869A72A040CA9004D7015 /* Palmetto-Sign-IN-Info.plist */ = {isa = PBXFileReference; lastKnownFileType = text.plist; path = "Palmetto-Sign-IN-Info.plist"; sourceTree = SOURCE_ROOT; };
		4AE869AA2A042A1D004D7015 /* SignedOutSheet.swift */ = {isa = PBXFileReference; lastKnownFileType = sourcecode.swift; path = SignedOutSheet.swift; sourceTree = "<group>"; };
		94CBEC3A29A98CB200531660 /* Palmetto Sign IN.app */ = {isa = PBXFileReference; explicitFileType = wrapper.application; includeInIndex = 0; path = "Palmetto Sign IN.app"; sourceTree = BUILT_PRODUCTS_DIR; };
		94CBEC3D29A98CB200531660 /* Palmetto_Sign_INApp.swift */ = {isa = PBXFileReference; lastKnownFileType = sourcecode.swift; path = Palmetto_Sign_INApp.swift; sourceTree = "<group>"; };
		94CBEC3F29A98CB200531660 /* ContentView.swift */ = {isa = PBXFileReference; lastKnownFileType = sourcecode.swift; path = ContentView.swift; sourceTree = "<group>"; };
		94CBEC4129A98CB400531660 /* Assets.xcassets */ = {isa = PBXFileReference; lastKnownFileType = folder.assetcatalog; path = Assets.xcassets; sourceTree = "<group>"; };
		94CBEC4429A98CB400531660 /* Preview Assets.xcassets */ = {isa = PBXFileReference; lastKnownFileType = folder.assetcatalog; path = "Preview Assets.xcassets"; sourceTree = "<group>"; };
		94CBEC4B29AA6A2400531660 /* Register.swift */ = {isa = PBXFileReference; lastKnownFileType = sourcecode.swift; path = Register.swift; sourceTree = "<group>"; };
		94CBEC4F29AA985D00531660 /* SignIN.swift */ = {isa = PBXFileReference; lastKnownFileType = sourcecode.swift; path = SignIN.swift; sourceTree = "<group>"; };
		94CBEC5129AAE00800531660 /* PickerSample.swift */ = {isa = PBXFileReference; lastKnownFileType = sourcecode.swift; path = PickerSample.swift; sourceTree = "<group>"; };
		94E819292A03F7F20044B9D4 /* Person.swift */ = {isa = PBXFileReference; fileEncoding = 4; lastKnownFileType = sourcecode.swift; path = Person.swift; sourceTree = "<group>"; };
		94E8192B2A03F8000044B9D4 /* DataService.swift */ = {isa = PBXFileReference; fileEncoding = 4; lastKnownFileType = sourcecode.swift; path = DataService.swift; sourceTree = "<group>"; };
/* End PBXFileReference section */

/* Begin PBXFrameworksBuildPhase section */
		94CBEC3729A98CB200531660 /* Frameworks */ = {
			isa = PBXFrameworksBuildPhase;
			buildActionMask = 2147483647;
			files = (
			);
			runOnlyForDeploymentPostprocessing = 0;
		};
/* End PBXFrameworksBuildPhase section */

/* Begin PBXGroup section */
		94CBEC3129A98CB200531660 = {
			isa = PBXGroup;
			children = (
				94CBEC3C29A98CB200531660 /* Palmetto Sign IN */,
				94CBEC3B29A98CB200531660 /* Products */,
			);
			sourceTree = "<group>";
		};
		94CBEC3B29A98CB200531660 /* Products */ = {
			isa = PBXGroup;
			children = (
				94CBEC3A29A98CB200531660 /* Palmetto Sign IN.app */,
			);
			name = Products;
			sourceTree = "<group>";
		};
		94CBEC3C29A98CB200531660 /* Palmetto Sign IN */ = {
			isa = PBXGroup;
			children = (
				4AE869A72A040CA9004D7015 /* Palmetto-Sign-IN-Info.plist */,
				94CBEC3D29A98CB200531660 /* Palmetto_Sign_INApp.swift */,
				94CBEC3F29A98CB200531660 /* ContentView.swift */,
				94CBEC4B29AA6A2400531660 /* Register.swift */,
				94CBEC4F29AA985D00531660 /* SignIN.swift */,
				4AE869A32A040691004D7015 /* SignOUT.swift */,
				4AE869AA2A042A1D004D7015 /* SignedOutSheet.swift */,
				94E819292A03F7F20044B9D4 /* Person.swift */,
				94E8192B2A03F8000044B9D4 /* DataService.swift */,
				94CBEC5129AAE00800531660 /* PickerSample.swift */,
				4AE869A52A040AAE004D7015 /* SettingsView.swift */,
				94CBEC4129A98CB400531660 /* Assets.xcassets */,
				94CBEC4329A98CB400531660 /* Preview Content */,
			);
			path = "Palmetto Sign IN";
			sourceTree = "<group>";
		};
		94CBEC4329A98CB400531660 /* Preview Content */ = {
			isa = PBXGroup;
			children = (
				94CBEC4429A98CB400531660 /* Preview Assets.xcassets */,
			);
			path = "Preview Content";
			sourceTree = "<group>";
		};
/* End PBXGroup section */

/* Begin PBXNativeTarget section */
		94CBEC3929A98CB200531660 /* Palmetto Sign IN */ = {
			isa = PBXNativeTarget;
			buildConfigurationList = 94CBEC4829A98CB400531660 /* Build configuration list for PBXNativeTarget "Palmetto Sign IN" */;
			buildPhases = (
				94CBEC3629A98CB200531660 /* Sources */,
				94CBEC3729A98CB200531660 /* Frameworks */,
				94CBEC3829A98CB200531660 /* Resources */,
			);
			buildRules = (
			);
			dependencies = (
			);
			name = "Palmetto Sign IN";
			productName = "Palmetto Sign IN";
			productReference = 94CBEC3A29A98CB200531660 /* Palmetto Sign IN.app */;
			productType = "com.apple.product-type.application";
		};
/* End PBXNativeTarget section */

/* Begin PBXProject section */
		94CBEC3229A98CB200531660 /* Project object */ = {
			isa = PBXProject;
			attributes = {
				BuildIndependentTargetsInParallel = 1;
				LastSwiftUpdateCheck = 1420;
				LastUpgradeCheck = 1420;
				TargetAttributes = {
					94CBEC3929A98CB200531660 = {
						CreatedOnToolsVersion = 14.2;
					};
				};
			};
			buildConfigurationList = 94CBEC3529A98CB200531660 /* Build configuration list for PBXProject "Palmetto Sign IN" */;
			compatibilityVersion = "Xcode 14.0";
			developmentRegion = en;
			hasScannedForEncodings = 0;
			knownRegions = (
				en,
				Base,
			);
			mainGroup = 94CBEC3129A98CB200531660;
			productRefGroup = 94CBEC3B29A98CB200531660 /* Products */;
			projectDirPath = "";
			projectRoot = "";
			targets = (
				94CBEC3929A98CB200531660 /* Palmetto Sign IN */,
			);
		};
/* End PBXProject section */

/* Begin PBXResourcesBuildPhase section */
		94CBEC3829A98CB200531660 /* Resources */ = {
			isa = PBXResourcesBuildPhase;
			buildActionMask = 2147483647;
			files = (
				94CBEC4529A98CB400531660 /* Preview Assets.xcassets in Resources */,
				94CBEC4229A98CB400531660 /* Assets.xcassets in Resources */,
			);
			runOnlyForDeploymentPostprocessing = 0;
		};
/* End PBXResourcesBuildPhase section */

/* Begin PBXSourcesBuildPhase section */
		94CBEC3629A98CB200531660 /* Sources */ = {
			isa = PBXSourcesBuildPhase;
			buildActionMask = 2147483647;
			files = (
				94E8192C2A03F8000044B9D4 /* DataService.swift in Sources */,
				4AE869A42A040691004D7015 /* SignOUT.swift in Sources */,
				94CBEC4C29AA6A2400531660 /* Register.swift in Sources */,
				4AE869A62A040AAE004D7015 /* SettingsView.swift in Sources */,
				4AE869AB2A042A1D004D7015 /* SignedOutSheet.swift in Sources */,
				94CBEC5029AA985D00531660 /* SignIN.swift in Sources */,
				94CBEC4029A98CB200531660 /* ContentView.swift in Sources */,
				94CBEC5229AAE00800531660 /* PickerSample.swift in Sources */,
				94CBEC3E29A98CB200531660 /* Palmetto_Sign_INApp.swift in Sources */,
				94E8192A2A03F7F20044B9D4 /* Person.swift in Sources */,
			);
			runOnlyForDeploymentPostprocessing = 0;
		};
/* End PBXSourcesBuildPhase section */

/* Begin XCBuildConfiguration section */
		94CBEC4629A98CB400531660 /* Debug */ = {
			isa = XCBuildConfiguration;
			buildSettings = {
				ALWAYS_SEARCH_USER_PATHS = NO;
				CLANG_ANALYZER_NONNULL = YES;
				CLANG_ANALYZER_NUMBER_OBJECT_CONVERSION = YES_AGGRESSIVE;
				CLANG_CXX_LANGUAGE_STANDARD = "gnu++20";
				CLANG_ENABLE_MODULES = YES;
				CLANG_ENABLE_OBJC_ARC = YES;
				CLANG_ENABLE_OBJC_WEAK = YES;
				CLANG_WARN_BLOCK_CAPTURE_AUTORELEASING = YES;
				CLANG_WARN_BOOL_CONVERSION = YES;
				CLANG_WARN_COMMA = YES;
				CLANG_WARN_CONSTANT_CONVERSION = YES;
				CLANG_WARN_DEPRECATED_OBJC_IMPLEMENTATIONS = YES;
				CLANG_WARN_DIRECT_OBJC_ISA_USAGE = YES_ERROR;
				CLANG_WARN_DOCUMENTATION_COMMENTS = YES;
				CLANG_WARN_EMPTY_BODY = YES;
				CLANG_WARN_ENUM_CONVERSION = YES;
				CLANG_WARN_INFINITE_RECURSION = YES;
				CLANG_WARN_INT_CONVERSION = YES;
				CLANG_WARN_NON_LITERAL_NULL_CONVERSION = YES;
				CLANG_WARN_OBJC_IMPLICIT_RETAIN_SELF = YES;
				CLANG_WARN_OBJC_LITERAL_CONVERSION = YES;
				CLANG_WARN_OBJC_ROOT_CLASS = YES_ERROR;
				CLANG_WARN_QUOTED_INCLUDE_IN_FRAMEWORK_HEADER = YES;
				CLANG_WARN_RANGE_LOOP_ANALYSIS = YES;
				CLANG_WARN_STRICT_PROTOTYPES = YES;
				CLANG_WARN_SUSPICIOUS_MOVE = YES;
				CLANG_WARN_UNGUARDED_AVAILABILITY = YES_AGGRESSIVE;
				CLANG_WARN_UNREACHABLE_CODE = YES;
				CLANG_WARN__DUPLICATE_METHOD_MATCH = YES;
				COPY_PHASE_STRIP = NO;
				DEBUG_INFORMATION_FORMAT = dwarf;
				ENABLE_STRICT_OBJC_MSGSEND = YES;
				ENABLE_TESTABILITY = YES;
				GCC_C_LANGUAGE_STANDARD = gnu11;
				GCC_DYNAMIC_NO_PIC = NO;
				GCC_NO_COMMON_BLOCKS = YES;
				GCC_OPTIMIZATION_LEVEL = 0;
				GCC_PREPROCESSOR_DEFINITIONS = (
					"DEBUG=1",
					"$(inherited)",
				);
				GCC_WARN_64_TO_32_BIT_CONVERSION = YES;
				GCC_WARN_ABOUT_RETURN_TYPE = YES_ERROR;
				GCC_WARN_UNDECLARED_SELECTOR = YES;
				GCC_WARN_UNINITIALIZED_AUTOS = YES_AGGRESSIVE;
				GCC_WARN_UNUSED_FUNCTION = YES;
				GCC_WARN_UNUSED_VARIABLE = YES;
				IPHONEOS_DEPLOYMENT_TARGET = 16.2;
				MTL_ENABLE_DEBUG_INFO = INCLUDE_SOURCE;
				MTL_FAST_MATH = YES;
				ONLY_ACTIVE_ARCH = YES;
				SDKROOT = iphoneos;
				SWIFT_ACTIVE_COMPILATION_CONDITIONS = DEBUG;
				SWIFT_OPTIMIZATION_LEVEL = "-Onone";
			};
			name = Debug;
		};
		94CBEC4729A98CB400531660 /* Release */ = {
			isa = XCBuildConfiguration;
			buildSettings = {
				ALWAYS_SEARCH_USER_PATHS = NO;
				CLANG_ANALYZER_NONNULL = YES;
				CLANG_ANALYZER_NUMBER_OBJECT_CONVERSION = YES_AGGRESSIVE;
				CLANG_CXX_LANGUAGE_STANDARD = "gnu++20";
				CLANG_ENABLE_MODULES = YES;
				CLANG_ENABLE_OBJC_ARC = YES;
				CLANG_ENABLE_OBJC_WEAK = YES;
				CLANG_WARN_BLOCK_CAPTURE_AUTORELEASING = YES;
				CLANG_WARN_BOOL_CONVERSION = YES;
				CLANG_WARN_COMMA = YES;
				CLANG_WARN_CONSTANT_CONVERSION = YES;
				CLANG_WARN_DEPRECATED_OBJC_IMPLEMENTATIONS = YES;
				CLANG_WARN_DIRECT_OBJC_ISA_USAGE = YES_ERROR;
				CLANG_WARN_DOCUMENTATION_COMMENTS = YES;
				CLANG_WARN_EMPTY_BODY = YES;
				CLANG_WARN_ENUM_CONVERSION = YES;
				CLANG_WARN_INFINITE_RECURSION = YES;
				CLANG_WARN_INT_CONVERSION = YES;
				CLANG_WARN_NON_LITERAL_NULL_CONVERSION = YES;
				CLANG_WARN_OBJC_IMPLICIT_RETAIN_SELF = YES;
				CLANG_WARN_OBJC_LITERAL_CONVERSION = YES;
				CLANG_WARN_OBJC_ROOT_CLASS = YES_ERROR;
				CLANG_WARN_QUOTED_INCLUDE_IN_FRAMEWORK_HEADER = YES;
				CLANG_WARN_RANGE_LOOP_ANALYSIS = YES;
				CLANG_WARN_STRICT_PROTOTYPES = YES;
				CLANG_WARN_SUSPICIOUS_MOVE = YES;
				CLANG_WARN_UNGUARDED_AVAILABILITY = YES_AGGRESSIVE;
				CLANG_WARN_UNREACHABLE_CODE = YES;
				CLANG_WARN__DUPLICATE_METHOD_MATCH = YES;
				COPY_PHASE_STRIP = NO;
				DEBUG_INFORMATION_FORMAT = "dwarf-with-dsym";
				ENABLE_NS_ASSERTIONS = NO;
				ENABLE_STRICT_OBJC_MSGSEND = YES;
				GCC_C_LANGUAGE_STANDARD = gnu11;
				GCC_NO_COMMON_BLOCKS = YES;
				GCC_WARN_64_TO_32_BIT_CONVERSION = YES;
				GCC_WARN_ABOUT_RETURN_TYPE = YES_ERROR;
				GCC_WARN_UNDECLARED_SELECTOR = YES;
				GCC_WARN_UNINITIALIZED_AUTOS = YES_AGGRESSIVE;
				GCC_WARN_UNUSED_FUNCTION = YES;
				GCC_WARN_UNUSED_VARIABLE = YES;
				IPHONEOS_DEPLOYMENT_TARGET = 16.2;
				MTL_ENABLE_DEBUG_INFO = NO;
				MTL_FAST_MATH = YES;
				SDKROOT = iphoneos;
				SWIFT_COMPILATION_MODE = wholemodule;
				SWIFT_OPTIMIZATION_LEVEL = "-O";
				VALIDATE_PRODUCT = YES;
			};
			name = Release;
		};
		94CBEC4929A98CB400531660 /* Debug */ = {
			isa = XCBuildConfiguration;
			buildSettings = {
				ASSETCATALOG_COMPILER_APPICON_NAME = AppIcon;
				ASSETCATALOG_COMPILER_GLOBAL_ACCENT_COLOR_NAME = AccentColor;
				CODE_SIGN_STYLE = Automatic;
				CURRENT_PROJECT_VERSION = 1;
				DEVELOPMENT_ASSET_PATHS = "\"Palmetto Sign IN/Preview Content\"";
				DEVELOPMENT_TEAM = GX85C6C27W;
				ENABLE_PREVIEWS = YES;
				GENERATE_INFOPLIST_FILE = YES;
				INFOPLIST_FILE = "Palmetto-Sign-IN-Info.plist";
				INFOPLIST_KEY_UIApplicationSceneManifest_Generation = YES;
				INFOPLIST_KEY_UIApplicationSupportsIndirectInputEvents = YES;
				INFOPLIST_KEY_UILaunchScreen_Generation = YES;
				INFOPLIST_KEY_UISupportedInterfaceOrientations_iPad = "UIInterfaceOrientationPortrait UIInterfaceOrientationPortraitUpsideDown UIInterfaceOrientationLandscapeLeft UIInterfaceOrientationLandscapeRight";
				INFOPLIST_KEY_UISupportedInterfaceOrientations_iPhone = "UIInterfaceOrientationPortrait UIInterfaceOrientationLandscapeLeft UIInterfaceOrientationLandscapeRight";
				LD_RUNPATH_SEARCH_PATHS = (
					"$(inherited)",
					"@executable_path/Frameworks",
				);
				MARKETING_VERSION = 1.0;
				PRODUCT_BUNDLE_IDENTIFIER = "com.cam.Palmetto-Sign-IN";
				PRODUCT_NAME = "$(TARGET_NAME)";
				SWIFT_EMIT_LOC_STRINGS = YES;
				SWIFT_VERSION = 5.0;
				TARGETED_DEVICE_FAMILY = "1,2";
			};
			name = Debug;
		};
		94CBEC4A29A98CB400531660 /* Release */ = {
			isa = XCBuildConfiguration;
			buildSettings = {
				ASSETCATALOG_COMPILER_APPICON_NAME = AppIcon;
				ASSETCATALOG_COMPILER_GLOBAL_ACCENT_COLOR_NAME = AccentColor;
				CODE_SIGN_STYLE = Automatic;
				CURRENT_PROJECT_VERSION = 1;
				DEVELOPMENT_ASSET_PATHS = "\"Palmetto Sign IN/Preview Content\"";
				DEVELOPMENT_TEAM = GX85C6C27W;
				ENABLE_PREVIEWS = YES;
				GENERATE_INFOPLIST_FILE = YES;
				INFOPLIST_FILE = "Palmetto-Sign-IN-Info.plist";
				INFOPLIST_KEY_UIApplicationSceneManifest_Generation = YES;
				INFOPLIST_KEY_UIApplicationSupportsIndirectInputEvents = YES;
				INFOPLIST_KEY_UILaunchScreen_Generation = YES;
				INFOPLIST_KEY_UISupportedInterfaceOrientations_iPad = "UIInterfaceOrientationPortrait UIInterfaceOrientationPortraitUpsideDown UIInterfaceOrientationLandscapeLeft UIInterfaceOrientationLandscapeRight";
				INFOPLIST_KEY_UISupportedInterfaceOrientations_iPhone = "UIInterfaceOrientationPortrait UIInterfaceOrientationLandscapeLeft UIInterfaceOrientationLandscapeRight";
				LD_RUNPATH_SEARCH_PATHS = (
					"$(inherited)",
					"@executable_path/Frameworks",
				);
				MARKETING_VERSION = 1.0;
				PRODUCT_BUNDLE_IDENTIFIER = "com.cam.Palmetto-Sign-IN";
				PRODUCT_NAME = "$(TARGET_NAME)";
				SWIFT_EMIT_LOC_STRINGS = YES;
				SWIFT_VERSION = 5.0;
				TARGETED_DEVICE_FAMILY = "1,2";
			};
			name = Release;
		};
/* End XCBuildConfiguration section */

/* Begin XCConfigurationList section */
		94CBEC3529A98CB200531660 /* Build configuration list for PBXProject "Palmetto Sign IN" */ = {
			isa = XCConfigurationList;
			buildConfigurations = (
				94CBEC4629A98CB400531660 /* Debug */,
				94CBEC4729A98CB400531660 /* Release */,
			);
			defaultConfigurationIsVisible = 0;
			defaultConfigurationName = Release;
		};
		94CBEC4829A98CB400531660 /* Build configuration list for PBXNativeTarget "Palmetto Sign IN" */ = {
			isa = XCConfigurationList;
			buildConfigurations = (
				94CBEC4929A98CB400531660 /* Debug */,
				94CBEC4A29A98CB400531660 /* Release */,
			);
			defaultConfigurationIsVisible = 0;
			defaultConfigurationName = Release;
		};
/* End XCConfigurationList section */
	};
	rootObject = 94CBEC3229A98CB200531660 /* Project object */;
}
